
Microsoft Visual Studio Solution File, Format Version 12.00
# Visual Studio Version 16
VisualStudioVersion = 16.0.31025.194
MinimumVisualStudioVersion = 10.0.40219.1
Project("{8BC9CEB8-8B4A-11D0-8D11-00A0C91BC942}") = "AIE_01", "AIE_01\AIE_01.vcxproj", "{DE5D0F0F-D44C-46E4-BCE9-F82D8B538B84}"
EndProject
Project("{8BC9CEB8-8B4A-11D0-8D11-00A0C91BC942}") = "AIE_02", "AIE_02\AIE_02.vcxproj", "{8ECCA592-38E2-4631-A381-C253F74BC0D1}"
EndProject
Project("{8BC9CEB8-8B4A-11D0-8D11-00A0C91BC942}") = "AIE_03", "AIE_03\AIE_03.vcxproj", "{906238BE-65A7-468E-A287-D78F3B4E891A}"
EndProject
Project("{8BC9CEB8-8B4A-11D0-8D11-00A0C91BC942}") = "AIE_04", "AIE_04\AIE_04.vcxproj", "{A8BC6B51-CA08-45AE-976E-05AFD495E270}"
EndProject
Project("{8BC9CEB8-8B4A-11D0-8D11-00A0C91BC942}") = "AIE_05", "AIE_05\AIE_05.vcxproj", "{B5C48E9C-3067-4CCE-8E18-7C390017FCC5}"
EndProject
Project("{2150E333-8FDC-42A3-9474-1A3956D46DE8}") = "01_Required", "01_Required", "{00CDFFD2-2FF7-48C8-8DC0-43E4BDECB66B}"
EndProject
Project("{2150E333-8FDC-42A3-9474-1A3956D46DE8}") = "02_Optional (Advanced)", "02_Optional (Advanced)", "{226EA710-7B65-49A9-951C-2962555553CC}"
EndProject
Project("{8BC9CEB8-8B4A-11D0-8D11-00A0C91BC942}") = "AIE_06", "AIE_06\AIE_06.vcxproj", "{EA0DF64E-9D87-45BF-A840-355C397290BF}"
EndProject
Project("{8BC9CEB8-8B4A-11D0-8D11-00A0C91BC942}") = "GameOfLife", "GameOfLife\GameOfLife.vcxproj", "{66F97E22-5E02-4257-B75C-DA71B7A17BFF}"
EndProject
Project("{8BC9CEB8-8B4A-11D0-8D11-00A0C91BC942}") = "OthelloConsole", "OthelloConsole\OthelloConsole.vcxproj", "{DB030211-FCAB-4AE8-B09C-BFD92A067D70}"
EndProject
Project("{8BC9CEB8-8B4A-11D0-8D11-00A0C91BC942}") = "OthelloRaylib", "OthelloRaylib\OthelloRaylib.vcxproj", "{2D4AD84C-5616-4778-9B00-CEDF91565583}"
EndProject
Project("{8BC9CEB8-8B4A-11D0-8D11-00A0C91BC942}") = "ScrabbleScoring", "ScrabbleScoring\ScrabbleScoring.vcxproj", "{4BC30067-F02E-4AC5-A5EC-90965239AA94}"
EndProject
Global
	GlobalSection(SolutionConfigurationPlatforms) = preSolution
		Debug|x64 = Debug|x64
		Debug|x86 = Debug|x86
		Release|x64 = Release|x64
		Release|x86 = Release|x86
	EndGlobalSection
	GlobalSection(ProjectConfigurationPlatforms) = postSolution
		{DE5D0F0F-D44C-46E4-BCE9-F82D8B538B84}.Debug|x64.ActiveCfg = Debug|x64
		{DE5D0F0F-D44C-46E4-BCE9-F82D8B538B84}.Debug|x64.Build.0 = Debug|x64
		{DE5D0F0F-D44C-46E4-BCE9-F82D8B538B84}.Debug|x86.ActiveCfg = Debug|Win32
		{DE5D0F0F-D44C-46E4-BCE9-F82D8B538B84}.Debug|x86.Build.0 = Debug|Win32
		{DE5D0F0F-D44C-46E4-BCE9-F82D8B538B84}.Release|x64.ActiveCfg = Release|x64
		{DE5D0F0F-D44C-46E4-BCE9-F82D8B538B84}.Release|x64.Build.0 = Release|x64
		{DE5D0F0F-D44C-46E4-BCE9-F82D8B538B84}.Release|x86.ActiveCfg = Release|Win32
		{DE5D0F0F-D44C-46E4-BCE9-F82D8B538B84}.Release|x86.Build.0 = Release|Win32
		{8ECCA592-38E2-4631-A381-C253F74BC0D1}.Debug|x64.ActiveCfg = Debug|x64
		{8ECCA592-38E2-4631-A381-C253F74BC0D1}.Debug|x64.Build.0 = Debug|x64
		{8ECCA592-38E2-4631-A381-C253F74BC0D1}.Debug|x86.ActiveCfg = Debug|Win32
		{8ECCA592-38E2-4631-A381-C253F74BC0D1}.Debug|x86.Build.0 = Debug|Win32
		{8ECCA592-38E2-4631-A381-C253F74BC0D1}.Release|x64.ActiveCfg = Release|x64
		{8ECCA592-38E2-4631-A381-C253F74BC0D1}.Release|x64.Build.0 = Release|x64
		{8ECCA592-38E2-4631-A381-C253F74BC0D1}.Release|x86.ActiveCfg = Release|Win32
		{8ECCA592-38E2-4631-A381-C253F74BC0D1}.Release|x86.Build.0 = Release|Win32
		{906238BE-65A7-468E-A287-D78F3B4E891A}.Debug|x64.ActiveCfg = Debug|x64
		{906238BE-65A7-468E-A287-D78F3B4E891A}.Debug|x64.Build.0 = Debug|x64
		{906238BE-65A7-468E-A287-D78F3B4E891A}.Debug|x86.ActiveCfg = Debug|Win32
		{906238BE-65A7-468E-A287-D78F3B4E891A}.Debug|x86.Build.0 = Debug|Win32
		{906238BE-65A7-468E-A287-D78F3B4E891A}.Release|x64.ActiveCfg = Release|x64
		{906238BE-65A7-468E-A287-D78F3B4E891A}.Release|x64.Build.0 = Release|x64
		{906238BE-65A7-468E-A287-D78F3B4E891A}.Release|x86.ActiveCfg = Release|Win32
		{906238BE-65A7-468E-A287-D78F3B4E891A}.Release|x86.Build.0 = Release|Win32
		{A8BC6B51-CA08-45AE-976E-05AFD495E270}.Debug|x64.ActiveCfg = Debug|x64
		{A8BC6B51-CA08-45AE-976E-05AFD495E270}.Debug|x64.Build.0 = Debug|x64
		{A8BC6B51-CA08-45AE-976E-05AFD495E270}.Debug|x86.ActiveCfg = Debug|Win32
		{A8BC6B51-CA08-45AE-976E-05AFD495E270}.Debug|x86.Build.0 = Debug|Win32
		{A8BC6B51-CA08-45AE-976E-05AFD495E270}.Release|x64.ActiveCfg = Release|x64
		{A8BC6B51-CA08-45AE-976E-05AFD495E270}.Release|x64.Build.0 = Release|x64
		{A8BC6B51-CA08-45AE-976E-05AFD495E270}.Release|x86.ActiveCfg = Release|Win32
		{A8BC6B51-CA08-45AE-976E-05AFD495E270}.Release|x86.Build.0 = Release|Win32
		{B5C48E9C-3067-4CCE-8E18-7C390017FCC5}.Debug|x64.ActiveCfg = Debug|x64
		{B5C48E9C-3067-4CCE-8E18-7C390017FCC5}.Debug|x64.Build.0 = Debug|x64
		{B5C48E9C-3067-4CCE-8E18-7C390017FCC5}.Debug|x86.ActiveCfg = Debug|Win32
		{B5C48E9C-3067-4CCE-8E18-7C390017FCC5}.Debug|x86.Build.0 = Debug|Win32
		{B5C48E9C-3067-4CCE-8E18-7C390017FCC5}.Release|x64.ActiveCfg = Release|x64
		{B5C48E9C-3067-4CCE-8E18-7C390017FCC5}.Release|x64.Build.0 = Release|x64
		{B5C48E9C-3067-4CCE-8E18-7C390017FCC5}.Release|x86.ActiveCfg = Release|Win32
		{B5C48E9C-3067-4CCE-8E18-7C390017FCC5}.Release|x86.Build.0 = Release|Win32
		{EA0DF64E-9D87-45BF-A840-355C397290BF}.Debug|x64.ActiveCfg = Debug|x64
		{EA0DF64E-9D87-45BF-A840-355C397290BF}.Debug|x64.Build.0 = Debug|x64
		{EA0DF64E-9D87-45BF-A840-355C397290BF}.Debug|x86.ActiveCfg = Debug|Win32
		{EA0DF64E-9D87-45BF-A840-355C397290BF}.Debug|x86.Build.0 = Debug|Win32
		{EA0DF64E-9D87-45BF-A840-355C397290BF}.Release|x64.ActiveCfg = Release|x64
		{EA0DF64E-9D87-45BF-A840-355C397290BF}.Release|x64.Build.0 = Release|x64
		{EA0DF64E-9D87-45BF-A840-355C397290BF}.Release|x86.ActiveCfg = Release|Win32
		{EA0DF64E-9D87-45BF-A840-355C397290BF}.Release|x86.Build.0 = Release|Win32
		{66F97E22-5E02-4257-B75C-DA71B7A17BFF}.Debug|x64.ActiveCfg = Debug|x64
		{66F97E22-5E02-4257-B75C-DA71B7A17BFF}.Debug|x64.Build.0 = Debug|x64
		{66F97E22-5E02-4257-B75C-DA71B7A17BFF}.Debug|x86.ActiveCfg = Debug|Win32
		{66F97E22-5E02-4257-B75C-DA71B7A17BFF}.Debug|x86.Build.0 = Debug|Win32
		{66F97E22-5E02-4257-B75C-DA71B7A17BFF}.Release|x64.ActiveCfg = Release|x64
		{66F97E22-5E02-4257-B75C-DA71B7A17BFF}.Release|x64.Build.0 = Release|x64
		{66F97E22-5E02-4257-B75C-DA71B7A17BFF}.Release|x86.ActiveCfg = Release|Win32
		{66F97E22-5E02-4257-B75C-DA71B7A17BFF}.Release|x86.Build.0 = Release|Win32
		{DB030211-FCAB-4AE8-B09C-BFD92A067D70}.Debug|x64.ActiveCfg = Debug|x64
		{DB030211-FCAB-4AE8-B09C-BFD92A067D70}.Debug|x64.Build.0 = Debug|x64
		{DB030211-FCAB-4AE8-B09C-BFD92A067D70}.Debug|x86.ActiveCfg = Debug|Win32
		{DB030211-FCAB-4AE8-B09C-BFD92A067D70}.Debug|x86.Build.0 = Debug|Win32
		{DB030211-FCAB-4AE8-B09C-BFD92A067D70}.Release|x64.ActiveCfg = Release|x64
		{DB030211-FCAB-4AE8-B09C-BFD92A067D70}.Release|x64.Build.0 = Release|x64
		{DB030211-FCAB-4AE8-B09C-BFD92A067D70}.Release|x86.ActiveCfg = Release|Win32
		{DB030211-FCAB-4AE8-B09C-BFD92A067D70}.Release|x86.Build.0 = Release|Win32
		{2D4AD84C-5616-4778-9B00-CEDF91565583}.Debug|x64.ActiveCfg = Debug|x64
		{2D4AD84C-5616-4778-9B00-CEDF91565583}.Debug|x64.Build.0 = Debug|x64
		{2D4AD84C-5616-4778-9B00-CEDF91565583}.Debug|x86.ActiveCfg = Debug|Win32
		{2D4AD84C-5616-4778-9B00-CEDF91565583}.Debug|x86.Build.0 = Debug|Win32
		{2D4AD84C-5616-4778-9B00-CEDF91565583}.Release|x64.ActiveCfg = Release|x64
		{2D4AD84C-5616-4778-9B00-CEDF91565583}.Release|x64.Build.0 = Release|x64
		{2D4AD84C-5616-4778-9B00-CEDF91565583}.Release|x86.ActiveCfg = Release|Win32
		{2D4AD84C-5616-4778-9B00-CEDF91565583}.Release|x86.Build.0 = Release|Win32
		{4BC30067-F02E-4AC5-A5EC-90965239AA94}.Debug|x64.ActiveCfg = Debug|x64
		{4BC30067-F02E-4AC5-A5EC-90965239AA94}.Debug|x64.Build.0 = Debug|x64
		{4BC30067-F02E-4AC5-A5EC-90965239AA94}.Debug|x86.ActiveCfg = Debug|Win32
		{4BC30067-F02E-4AC5-A5EC-90965239AA94}.Debug|x86.Build.0 = Debug|Win32
		{4BC30067-F02E-4AC5-A5EC-90965239AA94}.Release|x64.ActiveCfg = Release|x64
		{4BC30067-F02E-4AC5-A5EC-90965239AA94}.Release|x64.Build.0 = Release|x64
		{4BC30067-F02E-4AC5-A5EC-90965239AA94}.Release|x86.ActiveCfg = Release|Win32
		{4BC30067-F02E-4AC5-A5EC-90965239AA94}.Release|x86.Build.0 = Release|Win32
	EndGlobalSection
	GlobalSection(SolutionProperties) = preSolution
		HideSolutionNode = FALSE
	EndGlobalSection
	GlobalSection(NestedProjects) = preSolution
		{DE5D0F0F-D44C-46E4-BCE9-F82D8B538B84} = {00CDFFD2-2FF7-48C8-8DC0-43E4BDECB66B}
		{8ECCA592-38E2-4631-A381-C253F74BC0D1} = {00CDFFD2-2FF7-48C8-8DC0-43E4BDECB66B}
		{906238BE-65A7-468E-A287-D78F3B4E891A} = {00CDFFD2-2FF7-48C8-8DC0-43E4BDECB66B}
		{A8BC6B51-CA08-45AE-976E-05AFD495E270} = {00CDFFD2-2FF7-48C8-8DC0-43E4BDECB66B}
		{B5C48E9C-3067-4CCE-8E18-7C390017FCC5} = {00CDFFD2-2FF7-48C8-8DC0-43E4BDECB66B}
		{EA0DF64E-9D87-45BF-A840-355C397290BF} = {00CDFFD2-2FF7-48C8-8DC0-43E4BDECB66B}
		{66F97E22-5E02-4257-B75C-DA71B7A17BFF} = {226EA710-7B65-49A9-951C-2962555553CC}
		{DB030211-FCAB-4AE8-B09C-BFD92A067D70} = {226EA710-7B65-49A9-951C-2962555553CC}
		{2D4AD84C-5616-4778-9B00-CEDF91565583} = {226EA710-7B65-49A9-951C-2962555553CC}
		{4BC30067-F02E-4AC5-A5EC-90965239AA94} = {226EA710-7B65-49A9-951C-2962555553CC}
	EndGlobalSection
	GlobalSection(ExtensibilityGlobals) = postSolution
		SolutionGuid = {C41AF786-7A3F-4B9B-9EEE-8537910F7F6C}
	EndGlobalSection
EndGlobal
